
Microsoft Visual Studio Solution File, Format Version 12.00
# Visual Studio Version 17
VisualStudioVersion = 17.10.34928.147
MinimumVisualStudioVersion = 10.0.40219.1
Project("{8BC9CEB8-8B4A-11D0-8D11-00A0C91BC942}") = "Triangle Area", "Triangle Area\Triangle Area.vcxproj", "{F155F391-E63C-444C-AD40-E9DCCCBE07A2}"
EndProject
Global
	GlobalSection(SolutionConfigurationPlatforms) = preSolution
		Debug|x64 = Debug|x64
		Debug|x86 = Debug|x86
		Release|x64 = Release|x64
		Release|x86 = Release|x86
	EndGlobalSection
	GlobalSection(ProjectConfigurationPlatforms) = postSolution
		{F155F391-E63C-444C-AD40-E9DCCCBE07A2}.Debug|x64.ActiveCfg = Debug|x64
		{F155F391-E63C-444C-AD40-E9DCCCBE07A2}.Debug|x64.Build.0 = Debug|x64
		{F155F391-E63C-444C-AD40-E9DCCCBE07A2}.Debug|x86.ActiveCfg = Debug|Win32
		{F155F391-E63C-444C-AD40-E9DCCCBE07A2}.Debug|x86.Build.0 = Debug|Win32
		{F155F391-E63C-444C-AD40-E9DCCCBE07A2}.Release|x64.ActiveCfg = Release|x64
		{F155F391-E63C-444C-AD40-E9DCCCBE07A2}.Release|x64.Build.0 = Release|x64
		{F155F391-E63C-444C-AD40-E9DCCCBE07A2}.Release|x86.ActiveCfg = Release|Win32
		{F155F391-E63C-444C-AD40-E9DCCCBE07A2}.Release|x86.Build.0 = Release|Win32
	EndGlobalSection
	GlobalSection(SolutionProperties) = preSolution
		HideSolutionNode = FALSE
	EndGlobalSection
	GlobalSection(ExtensibilityGlobals) = postSolution
		SolutionGuid = {07048A60-A5F3-4C46-8BF0-579A4871C298}
	EndGlobalSection
EndGlobal
